
Microsoft Visual Studio Solution File, Format Version 12.00
# Visual Studio 14
VisualStudioVersion = 14.0.24720.0
MinimumVisualStudioVersion = 10.0.40219.1
Project("{FAE04EC0-301F-11D3-BF4B-00C04F79EFBC}") = "Domain", "Domain\Domain.csproj", "{842B6DA0-A226-4A8B-B4CA-5EF6AE33C3AE}"
EndProject
Project("{2150E333-8FDC-42A3-9474-1A3956D46DE8}") = "build", "build", "{4A9C1D48-ED5D-44F2-BFC4-910810378975}"
	ProjectSection(SolutionItems) = preProject
		..\.travis.yml = ..\.travis.yml
		..\appveyor.yml = ..\appveyor.yml
		build.cmd = build.cmd
		build.fsx = build.fsx
		build.sh = build.sh
	EndProjectSection
EndProject
Global
	GlobalSection(SolutionConfigurationPlatforms) = preSolution
		Debug|Any CPU = Debug|Any CPU
		Release|Any CPU = Release|Any CPU
	EndGlobalSection
	GlobalSection(ProjectConfigurationPlatforms) = postSolution
		{842B6DA0-A226-4A8B-B4CA-5EF6AE33C3AE}.Debug|Any CPU.ActiveCfg = Debug|Any CPU
		{842B6DA0-A226-4A8B-B4CA-5EF6AE33C3AE}.Debug|Any CPU.Build.0 = Debug|Any CPU
		{842B6DA0-A226-4A8B-B4CA-5EF6AE33C3AE}.Release|Any CPU.ActiveCfg = Release|Any CPU
		{842B6DA0-A226-4A8B-B4CA-5EF6AE33C3AE}.Release|Any CPU.Build.0 = Release|Any CPU
	EndGlobalSection
	GlobalSection(SolutionProperties) = preSolution
		HideSolutionNode = FALSE
	EndGlobalSection
EndGlobal
