
Microsoft Visual Studio Solution File, Format Version 12.00
# Visual Studio 14
VisualStudioVersion = 14.0.25420.1
MinimumVisualStudioVersion = 10.0.40219.1
Project("{FAE04EC0-301F-11D3-BF4B-00C04F79EFBC}") = "BedBrebo.Domain.Bookings", "Domain\BedBrebo.Domain.Bookings\BedBrebo.Domain.Bookings.csproj", "{842B6DA0-A226-4A8B-B4CA-5EF6AE33C3AE}"
EndProject
Project("{2150E333-8FDC-42A3-9474-1A3956D46DE8}") = "_build", "_build", "{4A9C1D48-ED5D-44F2-BFC4-910810378975}"
	ProjectSection(SolutionItems) = preProject
		..\..\.travis.yml = ..\..\.travis.yml
		..\..\appveyor.yml = ..\..\appveyor.yml
		..\scripts\build.cmd = ..\scripts\build.cmd
		..\scripts\build.fsx = ..\scripts\build.fsx
		..\scripts\build.sh = ..\scripts\build.sh
	EndProjectSection
EndProject
Project("{2150E333-8FDC-42A3-9474-1A3956D46DE8}") = "Bookings", "Bookings", "{4E98E9AE-B76B-4057-87E1-10EB9AA70128}"
EndProject
Project("{FAE04EC0-301F-11D3-BF4B-00C04F79EFBC}") = "BedBrebo.Domain.Bookings.UnitTests", "Domain\BedBrebo.Domain.Bookings.UnitTests\BedBrebo.Domain.Bookings.UnitTests.csproj", "{B96541A3-6FBF-4F7E-8481-7F5B18557E5D}"
EndProject
Project("{2150E333-8FDC-42A3-9474-1A3956D46DE8}") = "Domain", "Domain", "{0472FAF7-E565-47B3-A3F6-7EF444C98712}"
EndProject
Project("{FAE04EC0-301F-11D3-BF4B-00C04F79EFBC}") = "BedBrebo.Domain.Core", "Domain\BedBrebo.Domain.Core\BedBrebo.Domain.Core.csproj", "{A754043F-D943-4949-A43E-2E91101F66D7}"
EndProject
Project("{FAE04EC0-301F-11D3-BF4B-00C04F79EFBC}") = "BedBrebo.Domain.Core.UnitTests", "Domain\BedBrebo.Domain.Core.UnitTests\BedBrebo.Domain.Core.UnitTests.csproj", "{65CBFA24-5156-432B-9818-EF348AF69FE3}"
EndProject
Project("{2150E333-8FDC-42A3-9474-1A3956D46DE8}") = "UI", "UI", "{ABFB3BF3-69D7-4157-9781-5B595E30985C}"
EndProject
Project("{FAE04EC0-301F-11D3-BF4B-00C04F79EFBC}") = "BedBrebo.Web.Api", "Web\BedBrebo.Web.Api\BedBrebo.Web.Api.csproj", "{9338572A-9D76-4B94-8325-0A3A3CAB28C4}"
EndProject
Global
	GlobalSection(SolutionConfigurationPlatforms) = preSolution
		Debug|Any CPU = Debug|Any CPU
		Release|Any CPU = Release|Any CPU
	EndGlobalSection
	GlobalSection(ProjectConfigurationPlatforms) = postSolution
		{842B6DA0-A226-4A8B-B4CA-5EF6AE33C3AE}.Debug|Any CPU.ActiveCfg = Debug|Any CPU
		{842B6DA0-A226-4A8B-B4CA-5EF6AE33C3AE}.Debug|Any CPU.Build.0 = Debug|Any CPU
		{842B6DA0-A226-4A8B-B4CA-5EF6AE33C3AE}.Release|Any CPU.ActiveCfg = Release|Any CPU
		{842B6DA0-A226-4A8B-B4CA-5EF6AE33C3AE}.Release|Any CPU.Build.0 = Release|Any CPU
		{B96541A3-6FBF-4F7E-8481-7F5B18557E5D}.Debug|Any CPU.ActiveCfg = Debug|Any CPU
		{B96541A3-6FBF-4F7E-8481-7F5B18557E5D}.Debug|Any CPU.Build.0 = Debug|Any CPU
		{B96541A3-6FBF-4F7E-8481-7F5B18557E5D}.Release|Any CPU.ActiveCfg = Release|Any CPU
		{B96541A3-6FBF-4F7E-8481-7F5B18557E5D}.Release|Any CPU.Build.0 = Release|Any CPU
		{A754043F-D943-4949-A43E-2E91101F66D7}.Debug|Any CPU.ActiveCfg = Debug|Any CPU
		{A754043F-D943-4949-A43E-2E91101F66D7}.Debug|Any CPU.Build.0 = Debug|Any CPU
		{A754043F-D943-4949-A43E-2E91101F66D7}.Release|Any CPU.ActiveCfg = Release|Any CPU
		{A754043F-D943-4949-A43E-2E91101F66D7}.Release|Any CPU.Build.0 = Release|Any CPU
		{65CBFA24-5156-432B-9818-EF348AF69FE3}.Debug|Any CPU.ActiveCfg = Debug|Any CPU
		{65CBFA24-5156-432B-9818-EF348AF69FE3}.Debug|Any CPU.Build.0 = Debug|Any CPU
		{65CBFA24-5156-432B-9818-EF348AF69FE3}.Release|Any CPU.ActiveCfg = Release|Any CPU
		{65CBFA24-5156-432B-9818-EF348AF69FE3}.Release|Any CPU.Build.0 = Release|Any CPU
		{9338572A-9D76-4B94-8325-0A3A3CAB28C4}.Debug|Any CPU.ActiveCfg = Debug|Any CPU
		{9338572A-9D76-4B94-8325-0A3A3CAB28C4}.Debug|Any CPU.Build.0 = Debug|Any CPU
		{9338572A-9D76-4B94-8325-0A3A3CAB28C4}.Release|Any CPU.ActiveCfg = Release|Any CPU
		{9338572A-9D76-4B94-8325-0A3A3CAB28C4}.Release|Any CPU.Build.0 = Release|Any CPU
	EndGlobalSection
	GlobalSection(SolutionProperties) = preSolution
		HideSolutionNode = FALSE
	EndGlobalSection
	GlobalSection(NestedProjects) = preSolution
		{842B6DA0-A226-4A8B-B4CA-5EF6AE33C3AE} = {4E98E9AE-B76B-4057-87E1-10EB9AA70128}
		{4E98E9AE-B76B-4057-87E1-10EB9AA70128} = {0472FAF7-E565-47B3-A3F6-7EF444C98712}
		{B96541A3-6FBF-4F7E-8481-7F5B18557E5D} = {4E98E9AE-B76B-4057-87E1-10EB9AA70128}
		{A754043F-D943-4949-A43E-2E91101F66D7} = {0472FAF7-E565-47B3-A3F6-7EF444C98712}
		{65CBFA24-5156-432B-9818-EF348AF69FE3} = {0472FAF7-E565-47B3-A3F6-7EF444C98712}
		{9338572A-9D76-4B94-8325-0A3A3CAB28C4} = {ABFB3BF3-69D7-4157-9781-5B595E30985C}
	EndGlobalSection
EndGlobal
